
Microsoft Visual Studio Solution File, Format Version 12.00
# Visual Studio 15
VisualStudioVersion = 15.0.26228.9
MinimumVisualStudioVersion = 10.0.40219.1
Project("{FAE04EC0-301F-11D3-BF4B-00C04F79EFBC}") = "WakaWakaLib", "WakaWakaLib\WakaWakaLib.csproj", "{035E7628-E312-46EF-AFDD-467181C657D7}"
EndProject
Project("{FAE04EC0-301F-11D3-BF4B-00C04F79EFBC}") = "WakaWakaLib.Tests", "WakaWakaLib.Tests\WakaWakaLib.Tests.csproj", "{BD436B82-6400-46AE-BCF5-DD08246CE86E}"
EndProject
Global
	GlobalSection(SolutionConfigurationPlatforms) = preSolution
		Debug|Any CPU = Debug|Any CPU
		Release|Any CPU = Release|Any CPU
	EndGlobalSection
	GlobalSection(ProjectConfigurationPlatforms) = postSolution
		{035E7628-E312-46EF-AFDD-467181C657D7}.Debug|Any CPU.ActiveCfg = Debug|Any CPU
		{035E7628-E312-46EF-AFDD-467181C657D7}.Debug|Any CPU.Build.0 = Debug|Any CPU
		{035E7628-E312-46EF-AFDD-467181C657D7}.Release|Any CPU.ActiveCfg = Release|Any CPU
		{035E7628-E312-46EF-AFDD-467181C657D7}.Release|Any CPU.Build.0 = Release|Any CPU
		{BD436B82-6400-46AE-BCF5-DD08246CE86E}.Debug|Any CPU.ActiveCfg = Debug|Any CPU
		{BD436B82-6400-46AE-BCF5-DD08246CE86E}.Debug|Any CPU.Build.0 = Debug|Any CPU
		{BD436B82-6400-46AE-BCF5-DD08246CE86E}.Release|Any CPU.ActiveCfg = Release|Any CPU
		{BD436B82-6400-46AE-BCF5-DD08246CE86E}.Release|Any CPU.Build.0 = Release|Any CPU
	EndGlobalSection
	GlobalSection(SolutionProperties) = preSolution
		HideSolutionNode = FALSE
	EndGlobalSection
EndGlobal
